
Microsoft Visual Studio Solution File, Format Version 12.00
# Visual Studio Version 17
VisualStudioVersion = 17.9.34622.214
MinimumVisualStudioVersion = 10.0.40219.1
Project("{FAE04EC0-301F-11D3-BF4B-00C04F79EFBC}") = "Esercitazione30AprileC#", "Esercitazione30AprileC#\Esercitazione30AprileC#.csproj", "{4DAB7472-6433-4FEC-A950-43DB12E5B98D}"
EndProject
Global
	GlobalSection(SolutionConfigurationPlatforms) = preSolution
		Debug|Any CPU = Debug|Any CPU
		Release|Any CPU = Release|Any CPU
	EndGlobalSection
	GlobalSection(ProjectConfigurationPlatforms) = postSolution
		{4DAB7472-6433-4FEC-A950-43DB12E5B98D}.Debug|Any CPU.ActiveCfg = Debug|Any CPU
		{4DAB7472-6433-4FEC-A950-43DB12E5B98D}.Debug|Any CPU.Build.0 = Debug|Any CPU
		{4DAB7472-6433-4FEC-A950-43DB12E5B98D}.Release|Any CPU.ActiveCfg = Release|Any CPU
		{4DAB7472-6433-4FEC-A950-43DB12E5B98D}.Release|Any CPU.Build.0 = Release|Any CPU
	EndGlobalSection
	GlobalSection(SolutionProperties) = preSolution
		HideSolutionNode = FALSE
	EndGlobalSection
	GlobalSection(ExtensibilityGlobals) = postSolution
		SolutionGuid = {22451603-7758-49AF-8303-8D4886531026}
	EndGlobalSection
EndGlobal
